
Microsoft Visual Studio Solution File, Format Version 12.00
Project("{FAE04EC0-301F-11D3-BF4B-00C04F79EFBC}") = "Building Surveillance System Application", "Building Surveillance System Application\Building Surveillance System Application.csproj", "{F3F93564-145F-4DD7-8B58-28EB1BCD98AF}"
EndProject
Global
	GlobalSection(SolutionConfigurationPlatforms) = preSolution
		Debug|Any CPU = Debug|Any CPU
		Release|Any CPU = Release|Any CPU
	EndGlobalSection
	GlobalSection(ProjectConfigurationPlatforms) = postSolution
		{F3F93564-145F-4DD7-8B58-28EB1BCD98AF}.Debug|Any CPU.ActiveCfg = Debug|Any CPU
		{F3F93564-145F-4DD7-8B58-28EB1BCD98AF}.Debug|Any CPU.Build.0 = Debug|Any CPU
		{F3F93564-145F-4DD7-8B58-28EB1BCD98AF}.Release|Any CPU.ActiveCfg = Release|Any CPU
		{F3F93564-145F-4DD7-8B58-28EB1BCD98AF}.Release|Any CPU.Build.0 = Release|Any CPU
	EndGlobalSection
EndGlobal
